
Microsoft Visual Studio Solution File, Format Version 12.00
# Visual Studio 15
VisualStudioVersion = 15.0.28307.421
MinimumVisualStudioVersion = 10.0.40219.1
Project("{FAE04EC0-301F-11D3-BF4B-00C04F79EFBC}") = "tWebConsoleAppReflection", "tWebConsoleAppReflection\tWebConsoleAppReflection.csproj", "{FBB1ED52-02D2-4380-99AB-128AF7E19C8B}"
EndProject
Global
	GlobalSection(SolutionConfigurationPlatforms) = preSolution
		Debug|Any CPU = Debug|Any CPU
		Release|Any CPU = Release|Any CPU
	EndGlobalSection
	GlobalSection(ProjectConfigurationPlatforms) = postSolution
		{FBB1ED52-02D2-4380-99AB-128AF7E19C8B}.Debug|Any CPU.ActiveCfg = Debug|Any CPU
		{FBB1ED52-02D2-4380-99AB-128AF7E19C8B}.Debug|Any CPU.Build.0 = Debug|Any CPU
		{FBB1ED52-02D2-4380-99AB-128AF7E19C8B}.Release|Any CPU.ActiveCfg = Release|Any CPU
		{FBB1ED52-02D2-4380-99AB-128AF7E19C8B}.Release|Any CPU.Build.0 = Release|Any CPU
	EndGlobalSection
	GlobalSection(SolutionProperties) = preSolution
		HideSolutionNode = FALSE
	EndGlobalSection
	GlobalSection(ExtensibilityGlobals) = postSolution
		SolutionGuid = {C744C963-AFBD-410E-9705-7DDE14D05413}
	EndGlobalSection
EndGlobal
